
Microsoft Visual Studio Solution File, Format Version 12.00
# Visual Studio Version 17
VisualStudioVersion = 17.3.32811.315
MinimumVisualStudioVersion = 10.0.40219.1
Project("{FAE04EC0-301F-11D3-BF4B-00C04F79EFBC}") = "SnackLadder", "SnackLadder.csproj", "{749B1182-0FD2-4D9A-81C8-662CD5E8E1E9}"
EndProject
Global
	GlobalSection(SolutionConfigurationPlatforms) = preSolution
		Debug|Any CPU = Debug|Any CPU
		Release|Any CPU = Release|Any CPU
	EndGlobalSection
	GlobalSection(ProjectConfigurationPlatforms) = postSolution
		{749B1182-0FD2-4D9A-81C8-662CD5E8E1E9}.Debug|Any CPU.ActiveCfg = Debug|Any CPU
		{749B1182-0FD2-4D9A-81C8-662CD5E8E1E9}.Debug|Any CPU.Build.0 = Debug|Any CPU
		{749B1182-0FD2-4D9A-81C8-662CD5E8E1E9}.Release|Any CPU.ActiveCfg = Release|Any CPU
		{749B1182-0FD2-4D9A-81C8-662CD5E8E1E9}.Release|Any CPU.Build.0 = Release|Any CPU
	EndGlobalSection
	GlobalSection(SolutionProperties) = preSolution
		HideSolutionNode = FALSE
	EndGlobalSection
	GlobalSection(ExtensibilityGlobals) = postSolution
		SolutionGuid = {4D81D1F9-1CAF-4D3B-882A-CE3C114A7E45}
	EndGlobalSection
EndGlobal
